// !$*UTF8*$!
{
	archiveVersion = 1;
	classes = {
	};
	objectVersion = 52;
	objects = {

/* Begin PBXBuildFile section */
		B32151CD2568541E003F9E2D /* UIColor+IR.swift in Sources */ = {isa = PBXBuildFile; fileRef = B32151CC2568541E003F9E2D /* UIColor+IR.swift */; };
		B34C7A7025684FD900F99535 /* UIFont + IR.swift in Sources */ = {isa = PBXBuildFile; fileRef = B34C7A6F25684FD900F99535 /* UIFont + IR.swift */; };
		B34C7A752568503A00F99535 /* Catamaran-Thin.ttf in Resources */ = {isa = PBXBuildFile; fileRef = B34C7A732568503A00F99535 /* Catamaran-Thin.ttf */; };
		B34C7A762568503A00F99535 /* Catamaran-Regular.ttf in Resources */ = {isa = PBXBuildFile; fileRef = B34C7A742568503A00F99535 /* Catamaran-Regular.ttf */; };
		B391D53A25670F2E0099A9E1 /* FadingLayout.swift in Sources */ = {isa = PBXBuildFile; fileRef = B391D53925670F2E0099A9E1 /* FadingLayout.swift */; };
		B3AD8748256856AC002E749B /* BackgroundGradient.swift in Sources */ = {isa = PBXBuildFile; fileRef = B3AD8747256856AC002E749B /* BackgroundGradient.swift */; };
		B3BEE6E62565ECF500A56079 /* AppDelegate.swift in Sources */ = {isa = PBXBuildFile; fileRef = B3BEE6E52565ECF500A56079 /* AppDelegate.swift */; };
		B3BEE6E82565ECF500A56079 /* SceneDelegate.swift in Sources */ = {isa = PBXBuildFile; fileRef = B3BEE6E72565ECF500A56079 /* SceneDelegate.swift */; };
		B3BEE6EF2565ECF700A56079 /* Assets.xcassets in Resources */ = {isa = PBXBuildFile; fileRef = B3BEE6EE2565ECF700A56079 /* Assets.xcassets */; };
		B3BEE6F22565ECF700A56079 /* LaunchScreen.storyboard in Resources */ = {isa = PBXBuildFile; fileRef = B3BEE6F02565ECF700A56079 /* LaunchScreen.storyboard */; };
		B3BEE7032565ED3400A56079 /* PureLayout in Frameworks */ = {isa = PBXBuildFile; productRef = B3BEE7022565ED3400A56079 /* PureLayout */; };
		B3BEE70B2565EDB400A56079 /* UIView+IR.swift in Sources */ = {isa = PBXBuildFile; fileRef = B3BEE7082565EDB400A56079 /* UIView+IR.swift */; };
		B3BEE70C2565EDB400A56079 /* ViewController.swift in Sources */ = {isa = PBXBuildFile; fileRef = B3BEE7092565EDB400A56079 /* ViewController.swift */; };
		B3BEE70D2565EDB400A56079 /* TimerCell.swift in Sources */ = {isa = PBXBuildFile; fileRef = B3BEE70A2565EDB400A56079 /* TimerCell.swift */; };
		B3BEE7122566A54A00A56079 /* String+IR.swift in Sources */ = {isa = PBXBuildFile; fileRef = B3BEE7112566A54A00A56079 /* String+IR.swift */; };
		B3CC07C1256C5F9C004DA709 /* Catamaran-Bold.ttf in Resources */ = {isa = PBXBuildFile; fileRef = B3CC07C0256C5F9C004DA709 /* Catamaran-Bold.ttf */; };
/* End PBXBuildFile section */

/* Begin PBXFileReference section */
		B32151CC2568541E003F9E2D /* UIColor+IR.swift */ = {isa = PBXFileReference; fileEncoding = 4; lastKnownFileType = sourcecode.swift; path = "UIColor+IR.swift"; sourceTree = "<group>"; };
		B34C7A6F25684FD900F99535 /* UIFont + IR.swift */ = {isa = PBXFileReference; fileEncoding = 4; lastKnownFileType = sourcecode.swift; path = "UIFont + IR.swift"; sourceTree = "<group>"; };
		B34C7A732568503A00F99535 /* Catamaran-Thin.ttf */ = {isa = PBXFileReference; lastKnownFileType = file; path = "Catamaran-Thin.ttf"; sourceTree = "<group>"; };
		B34C7A742568503A00F99535 /* Catamaran-Regular.ttf */ = {isa = PBXFileReference; lastKnownFileType = file; path = "Catamaran-Regular.ttf"; sourceTree = "<group>"; };
		B391D53925670F2E0099A9E1 /* FadingLayout.swift */ = {isa = PBXFileReference; lastKnownFileType = sourcecode.swift; path = FadingLayout.swift; sourceTree = "<group>"; };
		B3AD8747256856AC002E749B /* BackgroundGradient.swift */ = {isa = PBXFileReference; lastKnownFileType = sourcecode.swift; path = BackgroundGradient.swift; sourceTree = "<group>"; };
		B3BEE6E22565ECF500A56079 /* PomodoroApp.app */ = {isa = PBXFileReference; explicitFileType = wrapper.application; includeInIndex = 0; path = PomodoroApp.app; sourceTree = BUILT_PRODUCTS_DIR; };
		B3BEE6E52565ECF500A56079 /* AppDelegate.swift */ = {isa = PBXFileReference; lastKnownFileType = sourcecode.swift; path = AppDelegate.swift; sourceTree = "<group>"; };
		B3BEE6E72565ECF500A56079 /* SceneDelegate.swift */ = {isa = PBXFileReference; lastKnownFileType = sourcecode.swift; path = SceneDelegate.swift; sourceTree = "<group>"; };
		B3BEE6EE2565ECF700A56079 /* Assets.xcassets */ = {isa = PBXFileReference; lastKnownFileType = folder.assetcatalog; path = Assets.xcassets; sourceTree = "<group>"; };
		B3BEE6F12565ECF700A56079 /* Base */ = {isa = PBXFileReference; lastKnownFileType = file.storyboard; name = Base; path = Base.lproj/LaunchScreen.storyboard; sourceTree = "<group>"; };
		B3BEE6F32565ECF700A56079 /* Info.plist */ = {isa = PBXFileReference; lastKnownFileType = text.plist.xml; path = Info.plist; sourceTree = "<group>"; };
		B3BEE7082565EDB400A56079 /* UIView+IR.swift */ = {isa = PBXFileReference; fileEncoding = 4; lastKnownFileType = sourcecode.swift; path = "UIView+IR.swift"; sourceTree = "<group>"; };
		B3BEE7092565EDB400A56079 /* ViewController.swift */ = {isa = PBXFileReference; fileEncoding = 4; lastKnownFileType = sourcecode.swift; path = ViewController.swift; sourceTree = "<group>"; };
		B3BEE70A2565EDB400A56079 /* TimerCell.swift */ = {isa = PBXFileReference; fileEncoding = 4; lastKnownFileType = sourcecode.swift; path = TimerCell.swift; sourceTree = "<group>"; };
		B3BEE7112566A54A00A56079 /* String+IR.swift */ = {isa = PBXFileReference; fileEncoding = 4; lastKnownFileType = sourcecode.swift; path = "String+IR.swift"; sourceTree = "<group>"; };
		B3CC07C0256C5F9C004DA709 /* Catamaran-Bold.ttf */ = {isa = PBXFileReference; lastKnownFileType = file; path = "Catamaran-Bold.ttf"; sourceTree = "<group>"; };
/* End PBXFileReference section */

/* Begin PBXFrameworksBuildPhase section */
		B3BEE6DF2565ECF500A56079 /* Frameworks */ = {
			isa = PBXFrameworksBuildPhase;
			buildActionMask = 2147483647;
			files = (
				B3BEE7032565ED3400A56079 /* PureLayout in Frameworks */,
			);
			runOnlyForDeploymentPostprocessing = 0;
		};
/* End PBXFrameworksBuildPhase section */

/* Begin PBXGroup section */
		B34C7A722568501D00F99535 /* Fonts */ = {
			isa = PBXGroup;
			children = (
				B3CC07C0256C5F9C004DA709 /* Catamaran-Bold.ttf */,
				B34C7A742568503A00F99535 /* Catamaran-Regular.ttf */,
				B34C7A732568503A00F99535 /* Catamaran-Thin.ttf */,
			);
			path = Fonts;
			sourceTree = "<group>";
		};
		B391D53D256726AA0099A9E1 /* Extensions */ = {
			isa = PBXGroup;
			children = (
				B34C7A6F25684FD900F99535 /* UIFont + IR.swift */,
				B3BEE7112566A54A00A56079 /* String+IR.swift */,
				B32151CC2568541E003F9E2D /* UIColor+IR.swift */,
				B3BEE7082565EDB400A56079 /* UIView+IR.swift */,
			);
			path = Extensions;
			sourceTree = "<group>";
		};
		B3AD874A2568578B002E749B /* UIComponent */ = {
			isa = PBXGroup;
			children = (
				B3AD8747256856AC002E749B /* BackgroundGradient.swift */,
				B391D53925670F2E0099A9E1 /* FadingLayout.swift */,
			);
			path = UIComponent;
			sourceTree = "<group>";
		};
		B3BEE6D92565ECF500A56079 = {
			isa = PBXGroup;
			children = (
				B3BEE6E42565ECF500A56079 /* PomodoroApp */,
				B3BEE6E32565ECF500A56079 /* Products */,
			);
			sourceTree = "<group>";
		};
		B3BEE6E32565ECF500A56079 /* Products */ = {
			isa = PBXGroup;
			children = (
				B3BEE6E22565ECF500A56079 /* PomodoroApp.app */,
			);
			name = Products;
			sourceTree = "<group>";
		};
		B3BEE6E42565ECF500A56079 /* PomodoroApp */ = {
			isa = PBXGroup;
			children = (
				B3AD874A2568578B002E749B /* UIComponent */,
				B34C7A722568501D00F99535 /* Fonts */,
				B391D53D256726AA0099A9E1 /* Extensions */,
				B3BEE6E52565ECF500A56079 /* AppDelegate.swift */,
				B3BEE6E72565ECF500A56079 /* SceneDelegate.swift */,
				B3BEE70A2565EDB400A56079 /* TimerCell.swift */,
				B3BEE7092565EDB400A56079 /* ViewController.swift */,
				B3BEE6EE2565ECF700A56079 /* Assets.xcassets */,
				B3BEE6F02565ECF700A56079 /* LaunchScreen.storyboard */,
				B3BEE6F32565ECF700A56079 /* Info.plist */,
			);
			path = PomodoroApp;
			sourceTree = "<group>";
		};
/* End PBXGroup section */

/* Begin PBXNativeTarget section */
		B3BEE6E12565ECF500A56079 /* PomodoroApp */ = {
			isa = PBXNativeTarget;
			buildConfigurationList = B3BEE6F62565ECF700A56079 /* Build configuration list for PBXNativeTarget "PomodoroApp" */;
			buildPhases = (
				B3BEE6DE2565ECF500A56079 /* Sources */,
				B3BEE6DF2565ECF500A56079 /* Frameworks */,
				B3BEE6E02565ECF500A56079 /* Resources */,
			);
			buildRules = (
			);
			dependencies = (
			);
			name = PomodoroApp;
			packageProductDependencies = (
				B3BEE7022565ED3400A56079 /* PureLayout */,
			);
			productName = PomodoroApp;
			productReference = B3BEE6E22565ECF500A56079 /* PomodoroApp.app */;
			productType = "com.apple.product-type.application";
		};
/* End PBXNativeTarget section */

/* Begin PBXProject section */
		B3BEE6DA2565ECF500A56079 /* Project object */ = {
			isa = PBXProject;
			attributes = {
				LastSwiftUpdateCheck = 1220;
				LastUpgradeCheck = 1220;
				TargetAttributes = {
					B3BEE6E12565ECF500A56079 = {
						CreatedOnToolsVersion = 12.2;
					};
				};
			};
			buildConfigurationList = B3BEE6DD2565ECF500A56079 /* Build configuration list for PBXProject "PomodoroApp" */;
			compatibilityVersion = "Xcode 9.3";
			developmentRegion = en;
			hasScannedForEncodings = 0;
			knownRegions = (
				en,
				Base,
			);
			mainGroup = B3BEE6D92565ECF500A56079;
			packageReferences = (
				B3BEE7012565ED3400A56079 /* XCRemoteSwiftPackageReference "PureLayout" */,
			);
			productRefGroup = B3BEE6E32565ECF500A56079 /* Products */;
			projectDirPath = "";
			projectRoot = "";
			targets = (
				B3BEE6E12565ECF500A56079 /* PomodoroApp */,
			);
		};
/* End PBXProject section */

/* Begin PBXResourcesBuildPhase section */
		B3BEE6E02565ECF500A56079 /* Resources */ = {
			isa = PBXResourcesBuildPhase;
			buildActionMask = 2147483647;
			files = (
				B34C7A762568503A00F99535 /* Catamaran-Regular.ttf in Resources */,
				B3BEE6F22565ECF700A56079 /* LaunchScreen.storyboard in Resources */,
				B3CC07C1256C5F9C004DA709 /* Catamaran-Bold.ttf in Resources */,
				B3BEE6EF2565ECF700A56079 /* Assets.xcassets in Resources */,
				B34C7A752568503A00F99535 /* Catamaran-Thin.ttf in Resources */,
			);
			runOnlyForDeploymentPostprocessing = 0;
		};
/* End PBXResourcesBuildPhase section */

/* Begin PBXSourcesBuildPhase section */
		B3BEE6DE2565ECF500A56079 /* Sources */ = {
			isa = PBXSourcesBuildPhase;
			buildActionMask = 2147483647;
			files = (
				B32151CD2568541E003F9E2D /* UIColor+IR.swift in Sources */,
				B3BEE70C2565EDB400A56079 /* ViewController.swift in Sources */,
				B391D53A25670F2E0099A9E1 /* FadingLayout.swift in Sources */,
				B3BEE7122566A54A00A56079 /* String+IR.swift in Sources */,
				B34C7A7025684FD900F99535 /* UIFont + IR.swift in Sources */,
				B3BEE70B2565EDB400A56079 /* UIView+IR.swift in Sources */,
				B3BEE6E62565ECF500A56079 /* AppDelegate.swift in Sources */,
				B3BEE6E82565ECF500A56079 /* SceneDelegate.swift in Sources */,
				B3BEE70D2565EDB400A56079 /* TimerCell.swift in Sources */,
				B3AD8748256856AC002E749B /* BackgroundGradient.swift in Sources */,
			);
			runOnlyForDeploymentPostprocessing = 0;
		};
/* End PBXSourcesBuildPhase section */

/* Begin PBXVariantGroup section */
		B3BEE6F02565ECF700A56079 /* LaunchScreen.storyboard */ = {
			isa = PBXVariantGroup;
			children = (
				B3BEE6F12565ECF700A56079 /* Base */,
			);
			name = LaunchScreen.storyboard;
			sourceTree = "<group>";
		};
/* End PBXVariantGroup section */

/* Begin XCBuildConfiguration section */
		B3BEE6F42565ECF700A56079 /* Debug */ = {
			isa = XCBuildConfiguration;
			buildSettings = {
				ALWAYS_SEARCH_USER_PATHS = NO;
				CLANG_ANALYZER_NONNULL = YES;
				CLANG_ANALYZER_NUMBER_OBJECT_CONVERSION = YES_AGGRESSIVE;
				CLANG_CXX_LANGUAGE_STANDARD = "gnu++14";
				CLANG_CXX_LIBRARY = "libc++";
				CLANG_ENABLE_MODULES = YES;
				CLANG_ENABLE_OBJC_ARC = YES;
				CLANG_ENABLE_OBJC_WEAK = YES;
				CLANG_WARN_BLOCK_CAPTURE_AUTORELEASING = YES;
				CLANG_WARN_BOOL_CONVERSION = YES;
				CLANG_WARN_COMMA = YES;
				CLANG_WARN_CONSTANT_CONVERSION = YES;
				CLANG_WARN_DEPRECATED_OBJC_IMPLEMENTATIONS = YES;
				CLANG_WARN_DIRECT_OBJC_ISA_USAGE = YES_ERROR;
				CLANG_WARN_DOCUMENTATION_COMMENTS = YES;
				CLANG_WARN_EMPTY_BODY = YES;
				CLANG_WARN_ENUM_CONVERSION = YES;
				CLANG_WARN_INFINITE_RECURSION = YES;
				CLANG_WARN_INT_CONVERSION = YES;
				CLANG_WARN_NON_LITERAL_NULL_CONVERSION = YES;
				CLANG_WARN_OBJC_IMPLICIT_RETAIN_SELF = YES;
				CLANG_WARN_OBJC_LITERAL_CONVERSION = YES;
				CLANG_WARN_OBJC_ROOT_CLASS = YES_ERROR;
				CLANG_WARN_QUOTED_INCLUDE_IN_FRAMEWORK_HEADER = YES;
				CLANG_WARN_RANGE_LOOP_ANALYSIS = YES;
				CLANG_WARN_STRICT_PROTOTYPES = YES;
				CLANG_WARN_SUSPICIOUS_MOVE = YES;
				CLANG_WARN_UNGUARDED_AVAILABILITY = YES_AGGRESSIVE;
				CLANG_WARN_UNREACHABLE_CODE = YES;
				CLANG_WARN__DUPLICATE_METHOD_MATCH = YES;
				COPY_PHASE_STRIP = NO;
				DEBUG_INFORMATION_FORMAT = dwarf;
				ENABLE_STRICT_OBJC_MSGSEND = YES;
				ENABLE_TESTABILITY = YES;
				GCC_C_LANGUAGE_STANDARD = gnu11;
				GCC_DYNAMIC_NO_PIC = NO;
				GCC_NO_COMMON_BLOCKS = YES;
				GCC_OPTIMIZATION_LEVEL = 0;
				GCC_PREPROCESSOR_DEFINITIONS = (
					"DEBUG=1",
					"$(inherited)",
				);
				GCC_WARN_64_TO_32_BIT_CONVERSION = YES;
				GCC_WARN_ABOUT_RETURN_TYPE = YES_ERROR;
				GCC_WARN_UNDECLARED_SELECTOR = YES;
				GCC_WARN_UNINITIALIZED_AUTOS = YES_AGGRESSIVE;
				GCC_WARN_UNUSED_FUNCTION = YES;
				GCC_WARN_UNUSED_VARIABLE = YES;
				IPHONEOS_DEPLOYMENT_TARGET = 14.2;
				MTL_ENABLE_DEBUG_INFO = INCLUDE_SOURCE;
				MTL_FAST_MATH = YES;
				ONLY_ACTIVE_ARCH = YES;
				SDKROOT = iphoneos;
				SWIFT_ACTIVE_COMPILATION_CONDITIONS = DEBUG;
				SWIFT_OPTIMIZATION_LEVEL = "-Onone";
			};
			name = Debug;
		};
		B3BEE6F52565ECF700A56079 /* Release */ = {
			isa = XCBuildConfiguration;
			buildSettings = {
				ALWAYS_SEARCH_USER_PATHS = NO;
				CLANG_ANALYZER_NONNULL = YES;
				CLANG_ANALYZER_NUMBER_OBJECT_CONVERSION = YES_AGGRESSIVE;
				CLANG_CXX_LANGUAGE_STANDARD = "gnu++14";
				CLANG_CXX_LIBRARY = "libc++";
				CLANG_ENABLE_MODULES = YES;
				CLANG_ENABLE_OBJC_ARC = YES;
				CLANG_ENABLE_OBJC_WEAK = YES;
				CLANG_WARN_BLOCK_CAPTURE_AUTORELEASING = YES;
				CLANG_WARN_BOOL_CONVERSION = YES;
				CLANG_WARN_COMMA = YES;
				CLANG_WARN_CONSTANT_CONVERSION = YES;
				CLANG_WARN_DEPRECATED_OBJC_IMPLEMENTATIONS = YES;
				CLANG_WARN_DIRECT_OBJC_ISA_USAGE = YES_ERROR;
				CLANG_WARN_DOCUMENTATION_COMMENTS = YES;
				CLANG_WARN_EMPTY_BODY = YES;
				CLANG_WARN_ENUM_CONVERSION = YES;
				CLANG_WARN_INFINITE_RECURSION = YES;
				CLANG_WARN_INT_CONVERSION = YES;
				CLANG_WARN_NON_LITERAL_NULL_CONVERSION = YES;
				CLANG_WARN_OBJC_IMPLICIT_RETAIN_SELF = YES;
				CLANG_WARN_OBJC_LITERAL_CONVERSION = YES;
				CLANG_WARN_OBJC_ROOT_CLASS = YES_ERROR;
				CLANG_WARN_QUOTED_INCLUDE_IN_FRAMEWORK_HEADER = YES;
				CLANG_WARN_RANGE_LOOP_ANALYSIS = YES;
				CLANG_WARN_STRICT_PROTOTYPES = YES;
				CLANG_WARN_SUSPICIOUS_MOVE = YES;
				CLANG_WARN_UNGUARDED_AVAILABILITY = YES_AGGRESSIVE;
				CLANG_WARN_UNREACHABLE_CODE = YES;
				CLANG_WARN__DUPLICATE_METHOD_MATCH = YES;
				COPY_PHASE_STRIP = NO;
				DEBUG_INFORMATION_FORMAT = "dwarf-with-dsym";
				ENABLE_NS_ASSERTIONS = NO;
				ENABLE_STRICT_OBJC_MSGSEND = YES;
				GCC_C_LANGUAGE_STANDARD = gnu11;
				GCC_NO_COMMON_BLOCKS = YES;
				GCC_WARN_64_TO_32_BIT_CONVERSION = YES;
				GCC_WARN_ABOUT_RETURN_TYPE = YES_ERROR;
				GCC_WARN_UNDECLARED_SELECTOR = YES;
				GCC_WARN_UNINITIALIZED_AUTOS = YES_AGGRESSIVE;
				GCC_WARN_UNUSED_FUNCTION = YES;
				GCC_WARN_UNUSED_VARIABLE = YES;
				IPHONEOS_DEPLOYMENT_TARGET = 14.2;
				MTL_ENABLE_DEBUG_INFO = NO;
				MTL_FAST_MATH = YES;
				SDKROOT = iphoneos;
				SWIFT_COMPILATION_MODE = wholemodule;
				SWIFT_OPTIMIZATION_LEVEL = "-O";
				VALIDATE_PRODUCT = YES;
			};
			name = Release;
		};
		B3BEE6F72565ECF700A56079 /* Debug */ = {
			isa = XCBuildConfiguration;
			buildSettings = {
				ASSETCATALOG_COMPILER_APPICON_NAME = AppIcon;
				ASSETCATALOG_COMPILER_GLOBAL_ACCENT_COLOR_NAME = AccentColor;
				CODE_SIGN_STYLE = Automatic;
				INFOPLIST_FILE = PomodoroApp/Info.plist;
				LD_RUNPATH_SEARCH_PATHS = (
					"$(inherited)",
					"@executable_path/Frameworks",
				);
				PRODUCT_BUNDLE_IDENTIFIER = com.imroslav.PomodoroApp;
				PRODUCT_NAME = "$(TARGET_NAME)";
				SWIFT_VERSION = 5.0;
				TARGETED_DEVICE_FAMILY = "1,2";
			};
			name = Debug;
		};
		B3BEE6F82565ECF700A56079 /* Release */ = {
			isa = XCBuildConfiguration;
			buildSettings = {
				ASSETCATALOG_COMPILER_APPICON_NAME = AppIcon;
				ASSETCATALOG_COMPILER_GLOBAL_ACCENT_COLOR_NAME = AccentColor;
				CODE_SIGN_STYLE = Automatic;
				INFOPLIST_FILE = PomodoroApp/Info.plist;
				LD_RUNPATH_SEARCH_PATHS = (
					"$(inherited)",
					"@executable_path/Frameworks",
				);
				PRODUCT_BUNDLE_IDENTIFIER = com.imroslav.PomodoroApp;
				PRODUCT_NAME = "$(TARGET_NAME)";
				SWIFT_VERSION = 5.0;
				TARGETED_DEVICE_FAMILY = "1,2";
			};
			name = Release;
		};
/* End XCBuildConfiguration section */

/* Begin XCConfigurationList section */
		B3BEE6DD2565ECF500A56079 /* Build configuration list for PBXProject "PomodoroApp" */ = {
			isa = XCConfigurationList;
			buildConfigurations = (
				B3BEE6F42565ECF700A56079 /* Debug */,
				B3BEE6F52565ECF700A56079 /* Release */,
			);
			defaultConfigurationIsVisible = 0;
			defaultConfigurationName = Release;
		};
		B3BEE6F62565ECF700A56079 /* Build configuration list for PBXNativeTarget "PomodoroApp" */ = {
			isa = XCConfigurationList;
			buildConfigurations = (
				B3BEE6F72565ECF700A56079 /* Debug */,
				B3BEE6F82565ECF700A56079 /* Release */,
			);
			defaultConfigurationIsVisible = 0;
			defaultConfigurationName = Release;
		};
/* End XCConfigurationList section */

/* Begin XCRemoteSwiftPackageReference section */
		B3BEE7012565ED3400A56079 /* XCRemoteSwiftPackageReference "PureLayout" */ = {
			isa = XCRemoteSwiftPackageReference;
			repositoryURL = "https://github.com/PureLayout/PureLayout";
			requirement = {
				kind = upToNextMajorVersion;
				minimumVersion = 3.1.6;
			};
		};
/* End XCRemoteSwiftPackageReference section */

/* Begin XCSwiftPackageProductDependency section */
		B3BEE7022565ED3400A56079 /* PureLayout */ = {
			isa = XCSwiftPackageProductDependency;
			package = B3BEE7012565ED3400A56079 /* XCRemoteSwiftPackageReference "PureLayout" */;
			productName = PureLayout;
		};
/* End XCSwiftPackageProductDependency section */
	};
	rootObject = B3BEE6DA2565ECF500A56079 /* Project object */;
}
